
Microsoft Visual Studio Solution File, Format Version 12.00
# Visual Studio Version 17
VisualStudioVersion = 17.14.36915.13
MinimumVisualStudioVersion = 10.0.40219.1
Project("{FAE04EC0-301F-11D3-BF4B-00C04F79EFBC}") = "HospitalManagement.API", "HospitalManagement\HospitalManagement.API.csproj", "{6960710D-9335-4710-8430-F2DD1DDB1B64}"
EndProject
Project("{FAE04EC0-301F-11D3-BF4B-00C04F79EFBC}") = "HospitalManagement.Domain", "HospitalManagement.Domain\HospitalManagement.Domain.csproj", "{A60625CB-9E63-41D3-BABC-30BBC19B50E3}"
EndProject
Project("{FAE04EC0-301F-11D3-BF4B-00C04F79EFBC}") = "HospitalManagement.Application", "HospitalManagement.Application\HospitalManagement.Application.csproj", "{033F6044-44CE-42AA-AC41-1670F7E10FA8}"
EndProject
Project("{FAE04EC0-301F-11D3-BF4B-00C04F79EFBC}") = "HospitalManagement.Infrastructure", "HospitalManagement.Infrastructure\HospitalManagement.Infrastructure.csproj", "{8D3B88D3-578D-4B91-A8A4-9A6BEA38F9DC}"
EndProject
Global
	GlobalSection(SolutionConfigurationPlatforms) = preSolution
		Debug|Any CPU = Debug|Any CPU
		Release|Any CPU = Release|Any CPU
	EndGlobalSection
	GlobalSection(ProjectConfigurationPlatforms) = postSolution
		{6960710D-9335-4710-8430-F2DD1DDB1B64}.Debug|Any CPU.ActiveCfg = Debug|Any CPU
		{6960710D-9335-4710-8430-F2DD1DDB1B64}.Debug|Any CPU.Build.0 = Debug|Any CPU
		{6960710D-9335-4710-8430-F2DD1DDB1B64}.Release|Any CPU.ActiveCfg = Release|Any CPU
		{6960710D-9335-4710-8430-F2DD1DDB1B64}.Release|Any CPU.Build.0 = Release|Any CPU
		{A60625CB-9E63-41D3-BABC-30BBC19B50E3}.Debug|Any CPU.ActiveCfg = Debug|Any CPU
		{A60625CB-9E63-41D3-BABC-30BBC19B50E3}.Debug|Any CPU.Build.0 = Debug|Any CPU
		{A60625CB-9E63-41D3-BABC-30BBC19B50E3}.Release|Any CPU.ActiveCfg = Release|Any CPU
		{A60625CB-9E63-41D3-BABC-30BBC19B50E3}.Release|Any CPU.Build.0 = Release|Any CPU
		{033F6044-44CE-42AA-AC41-1670F7E10FA8}.Debug|Any CPU.ActiveCfg = Debug|Any CPU
		{033F6044-44CE-42AA-AC41-1670F7E10FA8}.Debug|Any CPU.Build.0 = Debug|Any CPU
		{033F6044-44CE-42AA-AC41-1670F7E10FA8}.Release|Any CPU.ActiveCfg = Release|Any CPU
		{033F6044-44CE-42AA-AC41-1670F7E10FA8}.Release|Any CPU.Build.0 = Release|Any CPU
		{8D3B88D3-578D-4B91-A8A4-9A6BEA38F9DC}.Debug|Any CPU.ActiveCfg = Debug|Any CPU
		{8D3B88D3-578D-4B91-A8A4-9A6BEA38F9DC}.Debug|Any CPU.Build.0 = Debug|Any CPU
		{8D3B88D3-578D-4B91-A8A4-9A6BEA38F9DC}.Release|Any CPU.ActiveCfg = Release|Any CPU
		{8D3B88D3-578D-4B91-A8A4-9A6BEA38F9DC}.Release|Any CPU.Build.0 = Release|Any CPU
	EndGlobalSection
	GlobalSection(SolutionProperties) = preSolution
		HideSolutionNode = FALSE
	EndGlobalSection
	GlobalSection(ExtensibilityGlobals) = postSolution
		SolutionGuid = {45097501-4F87-4A39-892A-FA4198775AFB}
	EndGlobalSection
EndGlobal
